
Microsoft Visual Studio Solution File, Format Version 12.00
# Visual Studio 15
VisualStudioVersion = 15.0.26730.16
MinimumVisualStudioVersion = 10.0.40219.1
Project("{FAE04EC0-301F-11D3-BF4B-00C04F79EFBC}") = "CDStore", "CDStore\CDStore.csproj", "{0AF0AA6A-6A86-4E19-A2B2-689E6581C45E}"
EndProject
Global
	GlobalSection(SolutionConfigurationPlatforms) = preSolution
		Debug|Any CPU = Debug|Any CPU
		Release|Any CPU = Release|Any CPU
	EndGlobalSection
	GlobalSection(ProjectConfigurationPlatforms) = postSolution
		{0AF0AA6A-6A86-4E19-A2B2-689E6581C45E}.Debug|Any CPU.ActiveCfg = Debug|Any CPU
		{0AF0AA6A-6A86-4E19-A2B2-689E6581C45E}.Debug|Any CPU.Build.0 = Debug|Any CPU
		{0AF0AA6A-6A86-4E19-A2B2-689E6581C45E}.Release|Any CPU.ActiveCfg = Release|Any CPU
		{0AF0AA6A-6A86-4E19-A2B2-689E6581C45E}.Release|Any CPU.Build.0 = Release|Any CPU
	EndGlobalSection
	GlobalSection(SolutionProperties) = preSolution
		HideSolutionNode = FALSE
	EndGlobalSection
	GlobalSection(ExtensibilityGlobals) = postSolution
		SolutionGuid = {46DB321C-6BD4-4F54-8E6C-ED3B570579D6}
	EndGlobalSection
EndGlobal
